
Microsoft Visual Studio Solution File, Format Version 12.00
# Visual Studio Version 16
VisualStudioVersion = 16.0.30204.135
MinimumVisualStudioVersion = 10.0.40219.1
Project("{FAE04EC0-301F-11D3-BF4B-00C04F79EFBC}") = "Contacts", "Contacts\Contacts.csproj", "{24DC3391-269D-418F-9160-1A5CEFE48B5C}"
EndProject
Global
	GlobalSection(SolutionConfigurationPlatforms) = preSolution
		Debug|Any CPU = Debug|Any CPU
		Release|Any CPU = Release|Any CPU
	EndGlobalSection
	GlobalSection(ProjectConfigurationPlatforms) = postSolution
		{24DC3391-269D-418F-9160-1A5CEFE48B5C}.Debug|Any CPU.ActiveCfg = Debug|Any CPU
		{24DC3391-269D-418F-9160-1A5CEFE48B5C}.Debug|Any CPU.Build.0 = Debug|Any CPU
		{24DC3391-269D-418F-9160-1A5CEFE48B5C}.Release|Any CPU.ActiveCfg = Release|Any CPU
		{24DC3391-269D-418F-9160-1A5CEFE48B5C}.Release|Any CPU.Build.0 = Release|Any CPU
	EndGlobalSection
	GlobalSection(SolutionProperties) = preSolution
		HideSolutionNode = FALSE
	EndGlobalSection
	GlobalSection(ExtensibilityGlobals) = postSolution
		SolutionGuid = {45CB3AE5-B50C-445C-82B4-128549747F06}
	EndGlobalSection
EndGlobal
